PODS:
  - lottie-ios (3.1.0)
  - SwiftLint (0.33.0)

DEPENDENCIES:
  - lottie-ios
  - SwiftLint

SPEC REPOS:
  https://github.com/cocoapods/specs.git:
    - lottie-ios
    - SwiftLint

SPEC CHECKSUMS:
  lottie-ios: 9467723922dfff46f6d4e3019c32594a62440b7c
  SwiftLint: fed9c66336e41fc74dc48a73678380718f0c8b0e

PODFILE CHECKSUM: 1e1dc9b6f31b53bdddee879f3e1fa8872e030b16

COCOAPODS: 1.7.2
